// !$*UTF8*$!
{
	archiveVersion = 1;
	classes = {
	};
	objectVersion = 56;
	objects = {

/* Begin PBXBuildFile section */
		2D32764C2BFDEEA600D92B78 /* ding.wav in Resources */ = {isa = PBXBuildFile; fileRef = 2D32764A2BFDEEA600D92B78 /* ding.wav */; };
		2D32764E2BFDF00000D92B78 /* AVPlayer+Ding.swift in Sources */ = {isa = PBXBuildFile; fileRef = 2D32764D2BFDF00000D92B78 /* AVPlayer+Ding.swift */; };
		2DA9715E2BFC8F2C00BBC932 /* scrumdingerApp.swift in Sources */ = {isa = PBXBuildFile; fileRef = 2DA9715D2BFC8F2C00BBC932 /* scrumdingerApp.swift */; };
		2DA971602BFC8F2C00BBC932 /* MeetingView.swift in Sources */ = {isa = PBXBuildFile; fileRef = 2DA9715F2BFC8F2C00BBC932 /* MeetingView.swift */; };
		2DA971622BFC8F2D00BBC932 /* Assets.xcassets in Resources */ = {isa = PBXBuildFile; fileRef = 2DA971612BFC8F2D00BBC932 /* Assets.xcassets */; };
		2DA971652BFC8F2D00BBC932 /* Preview Assets.xcassets in Resources */ = {isa = PBXBuildFile; fileRef = 2DA971642BFC8F2D00BBC932 /* Preview Assets.xcassets */; };
		2DA9716D2BFC94C300BBC932 /* Theme.swift in Sources */ = {isa = PBXBuildFile; fileRef = 2DA9716C2BFC94C300BBC932 /* Theme.swift */; };
		2DA9716F2BFC963500BBC932 /* DailyScrum.swift in Sources */ = {isa = PBXBuildFile; fileRef = 2DA9716E2BFC963500BBC932 /* DailyScrum.swift */; };
		2DA971722BFC979D00BBC932 /* CardView.swift in Sources */ = {isa = PBXBuildFile; fileRef = 2DA971712BFC979D00BBC932 /* CardView.swift */; };
		2DA971742BFC9D1D00BBC932 /* TrailingIconLabelStyle.swift in Sources */ = {isa = PBXBuildFile; fileRef = 2DA971732BFC9D1D00BBC932 /* TrailingIconLabelStyle.swift */; };
		2DA971762BFCA0A600BBC932 /* ScrumsView.swift in Sources */ = {isa = PBXBuildFile; fileRef = 2DA971752BFCA0A600BBC932 /* ScrumsView.swift */; };
		2DA971782BFCAAB000BBC932 /* DetailView.swift in Sources */ = {isa = PBXBuildFile; fileRef = 2DA971772BFCAAB000BBC932 /* DetailView.swift */; };
		2DA9717C2BFCD85600BBC932 /* DetailEditView.swift in Sources */ = {isa = PBXBuildFile; fileRef = 2DA9717B2BFCD85600BBC932 /* DetailEditView.swift */; };
		2DA9717E2BFCE57600BBC932 /* ThemeView.swift in Sources */ = {isa = PBXBuildFile; fileRef = 2DA9717D2BFCE57600BBC932 /* ThemeView.swift */; };
		2DA971802BFCE7F900BBC932 /* ThemePicker.swift in Sources */ = {isa = PBXBuildFile; fileRef = 2DA9717F2BFCE7F900BBC932 /* ThemePicker.swift */; };
		2DA971822BFCFBBF00BBC932 /* MeetingHeaderView.swift in Sources */ = {isa = PBXBuildFile; fileRef = 2DA971812BFCFBBF00BBC932 /* MeetingHeaderView.swift */; };
		2DA971852BFCFEAC00BBC932 /* ScrumProgressViewStyle.swift in Sources */ = {isa = PBXBuildFile; fileRef = 2DA971842BFCFEAC00BBC932 /* ScrumProgressViewStyle.swift */; };
		2DA971872BFD00E700BBC932 /* ScrumTimer.swift in Sources */ = {isa = PBXBuildFile; fileRef = 2DA971862BFD00E700BBC932 /* ScrumTimer.swift */; };
		2DA971892BFD051100BBC932 /* MeetingFooterView.swift in Sources */ = {isa = PBXBuildFile; fileRef = 2DA971882BFD051100BBC932 /* MeetingFooterView.swift */; };
/* End PBXBuildFile section */

/* Begin PBXFileReference section */
		2D32764A2BFDEEA600D92B78 /* ding.wav */ = {isa = PBXFileReference; lastKnownFileType = audio.wav; path = ding.wav; sourceTree = "<group>"; };
		2D32764D2BFDF00000D92B78 /* AVPlayer+Ding.swift */ = {isa = PBXFileReference; lastKnownFileType = sourcecode.swift; path = "AVPlayer+Ding.swift"; sourceTree = "<group>"; };
		2DA9715A2BFC8F2C00BBC932 /* scrumdinger.app */ = {isa = PBXFileReference; explicitFileType = wrapper.application; includeInIndex = 0; path = scrumdinger.app; sourceTree = BUILT_PRODUCTS_DIR; };
		2DA9715D2BFC8F2C00BBC932 /* scrumdingerApp.swift */ = {isa = PBXFileReference; lastKnownFileType = sourcecode.swift; path = scrumdingerApp.swift; sourceTree = "<group>"; };
		2DA9715F2BFC8F2C00BBC932 /* MeetingView.swift */ = {isa = PBXFileReference; lastKnownFileType = sourcecode.swift; path = MeetingView.swift; sourceTree = "<group>"; };
		2DA971612BFC8F2D00BBC932 /* Assets.xcassets */ = {isa = PBXFileReference; lastKnownFileType = folder.assetcatalog; path = Assets.xcassets; sourceTree = "<group>"; };
		2DA971642BFC8F2D00BBC932 /* Preview Assets.xcassets */ = {isa = PBXFileReference; lastKnownFileType = folder.assetcatalog; path = "Preview Assets.xcassets"; sourceTree = "<group>"; };
		2DA9716C2BFC94C300BBC932 /* Theme.swift */ = {isa = PBXFileReference; lastKnownFileType = sourcecode.swift; path = Theme.swift; sourceTree = "<group>"; };
		2DA9716E2BFC963500BBC932 /* DailyScrum.swift */ = {isa = PBXFileReference; lastKnownFileType = sourcecode.swift; path = DailyScrum.swift; sourceTree = "<group>"; };
		2DA971712BFC979D00BBC932 /* CardView.swift */ = {isa = PBXFileReference; lastKnownFileType = sourcecode.swift; path = CardView.swift; sourceTree = "<group>"; };
		2DA971732BFC9D1D00BBC932 /* TrailingIconLabelStyle.swift */ = {isa = PBXFileReference; lastKnownFileType = sourcecode.swift; path = TrailingIconLabelStyle.swift; sourceTree = "<group>"; };
		2DA971752BFCA0A600BBC932 /* ScrumsView.swift */ = {isa = PBXFileReference; lastKnownFileType = sourcecode.swift; path = ScrumsView.swift; sourceTree = "<group>"; };
		2DA971772BFCAAB000BBC932 /* DetailView.swift */ = {isa = PBXFileReference; lastKnownFileType = sourcecode.swift; path = DetailView.swift; sourceTree = "<group>"; };
		2DA9717B2BFCD85600BBC932 /* DetailEditView.swift */ = {isa = PBXFileReference; fileEncoding = 4; lastKnownFileType = sourcecode.swift; path = DetailEditView.swift; sourceTree = "<group>"; };
		2DA9717D2BFCE57600BBC932 /* ThemeView.swift */ = {isa = PBXFileReference; lastKnownFileType = sourcecode.swift; path = ThemeView.swift; sourceTree = "<group>"; };
		2DA9717F2BFCE7F900BBC932 /* ThemePicker.swift */ = {isa = PBXFileReference; lastKnownFileType = sourcecode.swift; path = ThemePicker.swift; sourceTree = "<group>"; };
		2DA971812BFCFBBF00BBC932 /* MeetingHeaderView.swift */ = {isa = PBXFileReference; lastKnownFileType = sourcecode.swift; path = MeetingHeaderView.swift; sourceTree = "<group>"; };
		2DA971842BFCFEAC00BBC932 /* ScrumProgressViewStyle.swift */ = {isa = PBXFileReference; lastKnownFileType = sourcecode.swift; path = ScrumProgressViewStyle.swift; sourceTree = "<group>"; };
		2DA971862BFD00E700BBC932 /* ScrumTimer.swift */ = {isa = PBXFileReference; lastKnownFileType = sourcecode.swift; path = ScrumTimer.swift; sourceTree = "<group>"; };
		2DA971882BFD051100BBC932 /* MeetingFooterView.swift */ = {isa = PBXFileReference; lastKnownFileType = sourcecode.swift; path = MeetingFooterView.swift; sourceTree = "<group>"; };
/* End PBXFileReference section */

/* Begin PBXFrameworksBuildPhase section */
		2DA971572BFC8F2C00BBC932 /* Frameworks */ = {
			isa = PBXFrameworksBuildPhase;
			buildActionMask = 2147483647;
			files = (
			);
			runOnlyForDeploymentPostprocessing = 0;
		};
/* End PBXFrameworksBuildPhase section */

/* Begin PBXGroup section */
		2D32764B2BFDEEA600D92B78 /* Resources */ = {
			isa = PBXGroup;
			children = (
				2D32764A2BFDEEA600D92B78 /* ding.wav */,
			);
			path = Resources;
			sourceTree = "<group>";
		};
		2DA971512BFC8F2C00BBC932 = {
			isa = PBXGroup;
			children = (
				2DA9715C2BFC8F2C00BBC932 /* scrumdinger */,
				2DA9715B2BFC8F2C00BBC932 /* Products */,
			);
			sourceTree = "<group>";
		};
		2DA9715B2BFC8F2C00BBC932 /* Products */ = {
			isa = PBXGroup;
			children = (
				2DA9715A2BFC8F2C00BBC932 /* scrumdinger.app */,
			);
			name = Products;
			sourceTree = "<group>";
		};
		2DA9715C2BFC8F2C00BBC932 /* scrumdinger */ = {
			isa = PBXGroup;
			children = (
				2DA971702BFC978D00BBC932 /* View */,
				2DA9716B2BFC94B300BBC932 /* Models */,
				2DA971832BFCFBCC00BBC932 /* Components */,
				2D32764B2BFDEEA600D92B78 /* Resources */,
				2DA9715D2BFC8F2C00BBC932 /* scrumdingerApp.swift */,
				2DA971612BFC8F2D00BBC932 /* Assets.xcassets */,
				2DA971632BFC8F2D00BBC932 /* Preview Content */,
			);
			path = scrumdinger;
			sourceTree = "<group>";
		};
		2DA971632BFC8F2D00BBC932 /* Preview Content */ = {
			isa = PBXGroup;
			children = (
				2DA971642BFC8F2D00BBC932 /* Preview Assets.xcassets */,
			);
			path = "Preview Content";
			sourceTree = "<group>";
		};
		2DA9716B2BFC94B300BBC932 /* Models */ = {
			isa = PBXGroup;
			children = (
				2DA9716C2BFC94C300BBC932 /* Theme.swift */,
				2DA9716E2BFC963500BBC932 /* DailyScrum.swift */,
				2DA971732BFC9D1D00BBC932 /* TrailingIconLabelStyle.swift */,
				2DA971862BFD00E700BBC932 /* ScrumTimer.swift */,
				2D32764D2BFDF00000D92B78 /* AVPlayer+Ding.swift */,
			);
			path = Models;
			sourceTree = "<group>";
		};
		2DA971702BFC978D00BBC932 /* View */ = {
			isa = PBXGroup;
			children = (
				2DA9717B2BFCD85600BBC932 /* DetailEditView.swift */,
				2DA9715F2BFC8F2C00BBC932 /* MeetingView.swift */,
				2DA971752BFCA0A600BBC932 /* ScrumsView.swift */,
				2DA971772BFCAAB000BBC932 /* DetailView.swift */,
			);
			path = View;
			sourceTree = "<group>";
		};
		2DA971832BFCFBCC00BBC932 /* Components */ = {
			isa = PBXGroup;
			children = (
				2DA971712BFC979D00BBC932 /* CardView.swift */,
				2DA971812BFCFBBF00BBC932 /* MeetingHeaderView.swift */,
				2DA971882BFD051100BBC932 /* MeetingFooterView.swift */,
				2DA9717D2BFCE57600BBC932 /* ThemeView.swift */,
				2DA9717F2BFCE7F900BBC932 /* ThemePicker.swift */,
				2DA971842BFCFEAC00BBC932 /* ScrumProgressViewStyle.swift */,
			);
			path = Components;
			sourceTree = "<group>";
		};
/* End PBXGroup section */

/* Begin PBXNativeTarget section */
		2DA971592BFC8F2C00BBC932 /* scrumdinger */ = {
			isa = PBXNativeTarget;
			buildConfigurationList = 2DA971682BFC8F2D00BBC932 /* Build configuration list for PBXNativeTarget "scrumdinger" */;
			buildPhases = (
				2DA971562BFC8F2C00BBC932 /* Sources */,
				2DA971572BFC8F2C00BBC932 /* Frameworks */,
				2DA971582BFC8F2C00BBC932 /* Resources */,
			);
			buildRules = (
			);
			dependencies = (
			);
			name = scrumdinger;
			productName = scrumdinger;
			productReference = 2DA9715A2BFC8F2C00BBC932 /* scrumdinger.app */;
			productType = "com.apple.product-type.application";
		};
/* End PBXNativeTarget section */

/* Begin PBXProject section */
		2DA971522BFC8F2C00BBC932 /* Project object */ = {
			isa = PBXProject;
			attributes = {
				BuildIndependentTargetsInParallel = 1;
				LastSwiftUpdateCheck = 1540;
				LastUpgradeCheck = 1540;
				TargetAttributes = {
					2DA971592BFC8F2C00BBC932 = {
						CreatedOnToolsVersion = 15.4;
					};
				};
			};
			buildConfigurationList = 2DA971552BFC8F2C00BBC932 /* Build configuration list for PBXProject "scrumdinger" */;
			compatibilityVersion = "Xcode 14.0";
			developmentRegion = en;
			hasScannedForEncodings = 0;
			knownRegions = (
				en,
				Base,
			);
			mainGroup = 2DA971512BFC8F2C00BBC932;
			productRefGroup = 2DA9715B2BFC8F2C00BBC932 /* Products */;
			projectDirPath = "";
			projectRoot = "";
			targets = (
				2DA971592BFC8F2C00BBC932 /* scrumdinger */,
			);
		};
/* End PBXProject section */

/* Begin PBXResourcesBuildPhase section */
		2DA971582BFC8F2C00BBC932 /* Resources */ = {
			isa = PBXResourcesBuildPhase;
			buildActionMask = 2147483647;
			files = (
				2D32764C2BFDEEA600D92B78 /* ding.wav in Resources */,
				2DA971652BFC8F2D00BBC932 /* Preview Assets.xcassets in Resources */,
				2DA971622BFC8F2D00BBC932 /* Assets.xcassets in Resources */,
			);
			runOnlyForDeploymentPostprocessing = 0;
		};
/* End PBXResourcesBuildPhase section */

/* Begin PBXSourcesBuildPhase section */
		2DA971562BFC8F2C00BBC932 /* Sources */ = {
			isa = PBXSourcesBuildPhase;
			buildActionMask = 2147483647;
			files = (
				2DA971802BFCE7F900BBC932 /* ThemePicker.swift in Sources */,
				2DA971852BFCFEAC00BBC932 /* ScrumProgressViewStyle.swift in Sources */,
				2DA971892BFD051100BBC932 /* MeetingFooterView.swift in Sources */,
				2DA971872BFD00E700BBC932 /* ScrumTimer.swift in Sources */,
				2DA971782BFCAAB000BBC932 /* DetailView.swift in Sources */,
				2DA9716F2BFC963500BBC932 /* DailyScrum.swift in Sources */,
				2DA971822BFCFBBF00BBC932 /* MeetingHeaderView.swift in Sources */,
				2DA9717C2BFCD85600BBC932 /* DetailEditView.swift in Sources */,
				2DA971762BFCA0A600BBC932 /* ScrumsView.swift in Sources */,
				2DA971742BFC9D1D00BBC932 /* TrailingIconLabelStyle.swift in Sources */,
				2DA9716D2BFC94C300BBC932 /* Theme.swift in Sources */,
				2DA971602BFC8F2C00BBC932 /* MeetingView.swift in Sources */,
				2DA9715E2BFC8F2C00BBC932 /* scrumdingerApp.swift in Sources */,
				2DA9717E2BFCE57600BBC932 /* ThemeView.swift in Sources */,
				2DA971722BFC979D00BBC932 /* CardView.swift in Sources */,
				2D32764E2BFDF00000D92B78 /* AVPlayer+Ding.swift in Sources */,
			);
			runOnlyForDeploymentPostprocessing = 0;
		};
/* End PBXSourcesBuildPhase section */

/* Begin XCBuildConfiguration section */
		2DA971662BFC8F2D00BBC932 /* Debug */ = {
			isa = XCBuildConfiguration;
			buildSettings = {
				ALWAYS_SEARCH_USER_PATHS = NO;
				ASSETCATALOG_COMPILER_GENERATE_SWIFT_ASSET_SYMBOL_EXTENSIONS = YES;
				CLANG_ANALYZER_NONNULL = YES;
				CLANG_ANALYZER_NUMBER_OBJECT_CONVERSION = YES_AGGRESSIVE;
				CLANG_CXX_LANGUAGE_STANDARD = "gnu++20";
				CLANG_ENABLE_MODULES = YES;
				CLANG_ENABLE_OBJC_ARC = YES;
				CLANG_ENABLE_OBJC_WEAK = YES;
				CLANG_WARN_BLOCK_CAPTURE_AUTORELEASING = YES;
				CLANG_WARN_BOOL_CONVERSION = YES;
				CLANG_WARN_COMMA = YES;
				CLANG_WARN_CONSTANT_CONVERSION = YES;
				CLANG_WARN_DEPRECATED_OBJC_IMPLEMENTATIONS = YES;
				CLANG_WARN_DIRECT_OBJC_ISA_USAGE = YES_ERROR;
				CLANG_WARN_DOCUMENTATION_COMMENTS = YES;
				CLANG_WARN_EMPTY_BODY = YES;
				CLANG_WARN_ENUM_CONVERSION = YES;
				CLANG_WARN_INFINITE_RECURSION = YES;
				CLANG_WARN_INT_CONVERSION = YES;
				CLANG_WARN_NON_LITERAL_NULL_CONVERSION = YES;
				CLANG_WARN_OBJC_IMPLICIT_RETAIN_SELF = YES;
				CLANG_WARN_OBJC_LITERAL_CONVERSION = YES;
				CLANG_WARN_OBJC_ROOT_CLASS = YES_ERROR;
				CLANG_WARN_QUOTED_INCLUDE_IN_FRAMEWORK_HEADER = YES;
				CLANG_WARN_RANGE_LOOP_ANALYSIS = YES;
				CLANG_WARN_STRICT_PROTOTYPES = YES;
				CLANG_WARN_SUSPICIOUS_MOVE = YES;
				CLANG_WARN_UNGUARDED_AVAILABILITY = YES_AGGRESSIVE;
				CLANG_WARN_UNREACHABLE_CODE = YES;
				CLANG_WARN__DUPLICATE_METHOD_MATCH = YES;
				COPY_PHASE_STRIP = NO;
				DEBUG_INFORMATION_FORMAT = dwarf;
				ENABLE_STRICT_OBJC_MSGSEND = YES;
				ENABLE_TESTABILITY = YES;
				ENABLE_USER_SCRIPT_SANDBOXING = YES;
				GCC_C_LANGUAGE_STANDARD = gnu17;
				GCC_DYNAMIC_NO_PIC = NO;
				GCC_NO_COMMON_BLOCKS = YES;
				GCC_OPTIMIZATION_LEVEL = 0;
				GCC_PREPROCESSOR_DEFINITIONS = (
					"DEBUG=1",
					"$(inherited)",
				);
				GCC_WARN_64_TO_32_BIT_CONVERSION = YES;
				GCC_WARN_ABOUT_RETURN_TYPE = YES_ERROR;
				GCC_WARN_UNDECLARED_SELECTOR = YES;
				GCC_WARN_UNINITIALIZED_AUTOS = YES_AGGRESSIVE;
				GCC_WARN_UNUSED_FUNCTION = YES;
				GCC_WARN_UNUSED_VARIABLE = YES;
				IPHONEOS_DEPLOYMENT_TARGET = 17.5;
				LOCALIZATION_PREFERS_STRING_CATALOGS = YES;
				MTL_ENABLE_DEBUG_INFO = INCLUDE_SOURCE;
				MTL_FAST_MATH = YES;
				ONLY_ACTIVE_ARCH = YES;
				SDKROOT = iphoneos;
				SWIFT_ACTIVE_COMPILATION_CONDITIONS = "DEBUG $(inherited)";
				SWIFT_OPTIMIZATION_LEVEL = "-Onone";
			};
			name = Debug;
		};
		2DA971672BFC8F2D00BBC932 /* Release */ = {
			isa = XCBuildConfiguration;
			buildSettings = {
				ALWAYS_SEARCH_USER_PATHS = NO;
				ASSETCATALOG_COMPILER_GENERATE_SWIFT_ASSET_SYMBOL_EXTENSIONS = YES;
				CLANG_ANALYZER_NONNULL = YES;
				CLANG_ANALYZER_NUMBER_OBJECT_CONVERSION = YES_AGGRESSIVE;
				CLANG_CXX_LANGUAGE_STANDARD = "gnu++20";
				CLANG_ENABLE_MODULES = YES;
				CLANG_ENABLE_OBJC_ARC = YES;
				CLANG_ENABLE_OBJC_WEAK = YES;
				CLANG_WARN_BLOCK_CAPTURE_AUTORELEASING = YES;
				CLANG_WARN_BOOL_CONVERSION = YES;
				CLANG_WARN_COMMA = YES;
				CLANG_WARN_CONSTANT_CONVERSION = YES;
				CLANG_WARN_DEPRECATED_OBJC_IMPLEMENTATIONS = YES;
				CLANG_WARN_DIRECT_OBJC_ISA_USAGE = YES_ERROR;
				CLANG_WARN_DOCUMENTATION_COMMENTS = YES;
				CLANG_WARN_EMPTY_BODY = YES;
				CLANG_WARN_ENUM_CONVERSION = YES;
				CLANG_WARN_INFINITE_RECURSION = YES;
				CLANG_WARN_INT_CONVERSION = YES;
				CLANG_WARN_NON_LITERAL_NULL_CONVERSION = YES;
				CLANG_WARN_OBJC_IMPLICIT_RETAIN_SELF = YES;
				CLANG_WARN_OBJC_LITERAL_CONVERSION = YES;
				CLANG_WARN_OBJC_ROOT_CLASS = YES_ERROR;
				CLANG_WARN_QUOTED_INCLUDE_IN_FRAMEWORK_HEADER = YES;
				CLANG_WARN_RANGE_LOOP_ANALYSIS = YES;
				CLANG_WARN_STRICT_PROTOTYPES = YES;
				CLANG_WARN_SUSPICIOUS_MOVE = YES;
				CLANG_WARN_UNGUARDED_AVAILABILITY = YES_AGGRESSIVE;
				CLANG_WARN_UNREACHABLE_CODE = YES;
				CLANG_WARN__DUPLICATE_METHOD_MATCH = YES;
				COPY_PHASE_STRIP = NO;
				DEBUG_INFORMATION_FORMAT = "dwarf-with-dsym";
				ENABLE_NS_ASSERTIONS = NO;
				ENABLE_STRICT_OBJC_MSGSEND = YES;
				ENABLE_USER_SCRIPT_SANDBOXING = YES;
				GCC_C_LANGUAGE_STANDARD = gnu17;
				GCC_NO_COMMON_BLOCKS = YES;
				GCC_WARN_64_TO_32_BIT_CONVERSION = YES;
				GCC_WARN_ABOUT_RETURN_TYPE = YES_ERROR;
				GCC_WARN_UNDECLARED_SELECTOR = YES;
				GCC_WARN_UNINITIALIZED_AUTOS = YES_AGGRESSIVE;
				GCC_WARN_UNUSED_FUNCTION = YES;
				GCC_WARN_UNUSED_VARIABLE = YES;
				IPHONEOS_DEPLOYMENT_TARGET = 17.5;
				LOCALIZATION_PREFERS_STRING_CATALOGS = YES;
				MTL_ENABLE_DEBUG_INFO = NO;
				MTL_FAST_MATH = YES;
				SDKROOT = iphoneos;
				SWIFT_COMPILATION_MODE = wholemodule;
				VALIDATE_PRODUCT = YES;
			};
			name = Release;
		};
		2DA971692BFC8F2D00BBC932 /* Debug */ = {
			isa = XCBuildConfiguration;
			buildSettings = {
				ASSETCATALOG_COMPILER_APPICON_NAME = AppIcon;
				ASSETCATALOG_COMPILER_GLOBAL_ACCENT_COLOR_NAME = AccentColor;
				CODE_SIGN_STYLE = Automatic;
				CURRENT_PROJECT_VERSION = 1;
				DEVELOPMENT_ASSET_PATHS = "\"scrumdinger/Preview Content\"";
				DEVELOPMENT_TEAM = BLLA4QKA85;
				ENABLE_PREVIEWS = YES;
				GENERATE_INFOPLIST_FILE = YES;
				INFOPLIST_KEY_UIApplicationSceneManifest_Generation = YES;
				INFOPLIST_KEY_UIApplicationSupportsIndirectInputEvents = YES;
				INFOPLIST_KEY_UILaunchScreen_Generation = YES;
				INFOPLIST_KEY_UISupportedInterfaceOrientations_iPad = "UIInterfaceOrientationPortrait UIInterfaceOrientationPortraitUpsideDown UIInterfaceOrientationLandscapeLeft UIInterfaceOrientationLandscapeRight";
				INFOPLIST_KEY_UISupportedInterfaceOrientations_iPhone = "UIInterfaceOrientationPortrait UIInterfaceOrientationLandscapeLeft UIInterfaceOrientationLandscapeRight";
				IPHONEOS_DEPLOYMENT_TARGET = 16.0;
				LD_RUNPATH_SEARCH_PATHS = (
					"$(inherited)",
					"@executable_path/Frameworks",
				);
				MARKETING_VERSION = 1.0;
				PRODUCT_BUNDLE_IDENTIFIER = com.iosdeveloper.edsonsantos.scrumdinger;
				PRODUCT_NAME = "$(TARGET_NAME)";
				SWIFT_EMIT_LOC_STRINGS = YES;
				SWIFT_VERSION = 5.0;
				TARGETED_DEVICE_FAMILY = "1,2";
			};
			name = Debug;
		};
		2DA9716A2BFC8F2D00BBC932 /* Release */ = {
			isa = XCBuildConfiguration;
			buildSettings = {
				ASSETCATALOG_COMPILER_APPICON_NAME = AppIcon;
				ASSETCATALOG_COMPILER_GLOBAL_ACCENT_COLOR_NAME = AccentColor;
				CODE_SIGN_STYLE = Automatic;
				CURRENT_PROJECT_VERSION = 1;
				DEVELOPMENT_ASSET_PATHS = "\"scrumdinger/Preview Content\"";
				DEVELOPMENT_TEAM = BLLA4QKA85;
				ENABLE_PREVIEWS = YES;
				GENERATE_INFOPLIST_FILE = YES;
				INFOPLIST_KEY_UIApplicationSceneManifest_Generation = YES;
				INFOPLIST_KEY_UIApplicationSupportsIndirectInputEvents = YES;
				INFOPLIST_KEY_UILaunchScreen_Generation = YES;
				INFOPLIST_KEY_UISupportedInterfaceOrientations_iPad = "UIInterfaceOrientationPortrait UIInterfaceOrientationPortraitUpsideDown UIInterfaceOrientationLandscapeLeft UIInterfaceOrientationLandscapeRight";
				INFOPLIST_KEY_UISupportedInterfaceOrientations_iPhone = "UIInterfaceOrientationPortrait UIInterfaceOrientationLandscapeLeft UIInterfaceOrientationLandscapeRight";
				IPHONEOS_DEPLOYMENT_TARGET = 16.0;
				LD_RUNPATH_SEARCH_PATHS = (
					"$(inherited)",
					"@executable_path/Frameworks",
				);
				MARKETING_VERSION = 1.0;
				PRODUCT_BUNDLE_IDENTIFIER = com.iosdeveloper.edsonsantos.scrumdinger;
				PRODUCT_NAME = "$(TARGET_NAME)";
				SWIFT_EMIT_LOC_STRINGS = YES;
				SWIFT_VERSION = 5.0;
				TARGETED_DEVICE_FAMILY = "1,2";
			};
			name = Release;
		};
/* End XCBuildConfiguration section */

/* Begin XCConfigurationList section */
		2DA971552BFC8F2C00BBC932 /* Build configuration list for PBXProject "scrumdinger" */ = {
			isa = XCConfigurationList;
			buildConfigurations = (
				2DA971662BFC8F2D00BBC932 /* Debug */,
				2DA971672BFC8F2D00BBC932 /* Release */,
			);
			defaultConfigurationIsVisible = 0;
			defaultConfigurationName = Release;
		};
		2DA971682BFC8F2D00BBC932 /* Build configuration list for PBXNativeTarget "scrumdinger" */ = {
			isa = XCConfigurationList;
			buildConfigurations = (
				2DA971692BFC8F2D00BBC932 /* Debug */,
				2DA9716A2BFC8F2D00BBC932 /* Release */,
			);
			defaultConfigurationIsVisible = 0;
			defaultConfigurationName = Release;
		};
/* End XCConfigurationList section */
	};
	rootObject = 2DA971522BFC8F2C00BBC932 /* Project object */;
}
